
Microsoft Visual Studio Solution File, Format Version 12.00
# Visual Studio Version 16
VisualStudioVersion = 16.0.34114.132
MinimumVisualStudioVersion = 10.0.40219.1
Project("{FAE04EC0-301F-11D3-BF4B-00C04F79EFBC}") = "ex5", "ex5\ex5.csproj", "{90697A8D-EFC5-4C97-90ED-1F1ABACC3736}"
EndProject
Global
	GlobalSection(SolutionConfigurationPlatforms) = preSolution
		Debug|Any CPU = Debug|Any CPU
		Release|Any CPU = Release|Any CPU
	EndGlobalSection
	GlobalSection(ProjectConfigurationPlatforms) = postSolution
		{90697A8D-EFC5-4C97-90ED-1F1ABACC3736}.Debug|Any CPU.ActiveCfg = Debug|Any CPU
		{90697A8D-EFC5-4C97-90ED-1F1ABACC3736}.Debug|Any CPU.Build.0 = Debug|Any CPU
		{90697A8D-EFC5-4C97-90ED-1F1ABACC3736}.Release|Any CPU.ActiveCfg = Release|Any CPU
		{90697A8D-EFC5-4C97-90ED-1F1ABACC3736}.Release|Any CPU.Build.0 = Release|Any CPU
	EndGlobalSection
	GlobalSection(SolutionProperties) = preSolution
		HideSolutionNode = FALSE
	EndGlobalSection
	GlobalSection(ExtensibilityGlobals) = postSolution
		SolutionGuid = {046FC9B1-9C32-4CEA-8C9C-7D3F3E4C0CC0}
	EndGlobalSection
EndGlobal
